
Microsoft Visual Studio Solution File, Format Version 12.00
# Visual Studio Version 16
VisualStudioVersion = 16.0.30804.86
MinimumVisualStudioVersion = 10.0.40219.1
Project("{9A19103F-16F7-4668-BE54-9A1E7A4F7556}") = "Gateway", "Gateway\Gateway.csproj", "{A3610934-1B16-4C03-8E9A-C9C73D8C0952}"
EndProject
Project("{9A19103F-16F7-4668-BE54-9A1E7A4F7556}") = "Front", "Front\Front.csproj", "{AD5C1853-3534-4C62-B479-C8DDCE028C3C}"
EndProject
Project("{9A19103F-16F7-4668-BE54-9A1E7A4F7556}") = "Infrastructure", "Infrastructure\Infrastructure.csproj", "{89767D63-A058-4DCE-8C38-22E7AB5C48F4}"
EndProject
Project("{9A19103F-16F7-4668-BE54-9A1E7A4F7556}") = "HelloService", "HelloService\HelloService.csproj", "{8983854A-AF2D-472A-891B-D8A95D7F744E}"
EndProject
Project("{9A19103F-16F7-4668-BE54-9A1E7A4F7556}") = "PG", "PG\PG.csproj", "{D329DF6F-3516-41E2-A6F1-05E6E3AE92C8}"
EndProject
Global
	GlobalSection(SolutionConfigurationPlatforms) = preSolution
		Debug|Any CPU = Debug|Any CPU
		Release|Any CPU = Release|Any CPU
	EndGlobalSection
	GlobalSection(ProjectConfigurationPlatforms) = postSolution
		{A3610934-1B16-4C03-8E9A-C9C73D8C0952}.Debug|Any CPU.ActiveCfg = Debug|Any CPU
		{A3610934-1B16-4C03-8E9A-C9C73D8C0952}.Debug|Any CPU.Build.0 = Debug|Any CPU
		{A3610934-1B16-4C03-8E9A-C9C73D8C0952}.Release|Any CPU.ActiveCfg = Release|Any CPU
		{A3610934-1B16-4C03-8E9A-C9C73D8C0952}.Release|Any CPU.Build.0 = Release|Any CPU
		{AD5C1853-3534-4C62-B479-C8DDCE028C3C}.Debug|Any CPU.ActiveCfg = Debug|Any CPU
		{AD5C1853-3534-4C62-B479-C8DDCE028C3C}.Debug|Any CPU.Build.0 = Debug|Any CPU
		{AD5C1853-3534-4C62-B479-C8DDCE028C3C}.Release|Any CPU.ActiveCfg = Release|Any CPU
		{AD5C1853-3534-4C62-B479-C8DDCE028C3C}.Release|Any CPU.Build.0 = Release|Any CPU
		{89767D63-A058-4DCE-8C38-22E7AB5C48F4}.Debug|Any CPU.ActiveCfg = Debug|Any CPU
		{89767D63-A058-4DCE-8C38-22E7AB5C48F4}.Debug|Any CPU.Build.0 = Debug|Any CPU
		{89767D63-A058-4DCE-8C38-22E7AB5C48F4}.Release|Any CPU.ActiveCfg = Release|Any CPU
		{89767D63-A058-4DCE-8C38-22E7AB5C48F4}.Release|Any CPU.Build.0 = Release|Any CPU
		{8983854A-AF2D-472A-891B-D8A95D7F744E}.Debug|Any CPU.ActiveCfg = Debug|Any CPU
		{8983854A-AF2D-472A-891B-D8A95D7F744E}.Debug|Any CPU.Build.0 = Debug|Any CPU
		{8983854A-AF2D-472A-891B-D8A95D7F744E}.Release|Any CPU.ActiveCfg = Release|Any CPU
		{8983854A-AF2D-472A-891B-D8A95D7F744E}.Release|Any CPU.Build.0 = Release|Any CPU
		{D329DF6F-3516-41E2-A6F1-05E6E3AE92C8}.Debug|Any CPU.ActiveCfg = Debug|Any CPU
		{D329DF6F-3516-41E2-A6F1-05E6E3AE92C8}.Debug|Any CPU.Build.0 = Debug|Any CPU
		{D329DF6F-3516-41E2-A6F1-05E6E3AE92C8}.Release|Any CPU.ActiveCfg = Release|Any CPU
		{D329DF6F-3516-41E2-A6F1-05E6E3AE92C8}.Release|Any CPU.Build.0 = Release|Any CPU
	EndGlobalSection
	GlobalSection(SolutionProperties) = preSolution
		HideSolutionNode = FALSE
	EndGlobalSection
	GlobalSection(ExtensibilityGlobals) = postSolution
		SolutionGuid = {71656518-85F3-448F-9CE7-3F44FF26521F}
	EndGlobalSection
EndGlobal
